
Microsoft Visual Studio Solution File, Format Version 12.00
# Visual Studio Version 16
VisualStudioVersion = 16.0.30225.117
MinimumVisualStudioVersion = 10.0.40219.1
Project("{F184B08F-C81C-45F6-A57F-5ABD9991F28F}") = "MenuPrincipal", "MenuPrincipal\MenuPrincipal.vbproj", "{4ABAE3C0-F088-4887-AA61-81E39C15A79F}"
EndProject
Global
	GlobalSection(SolutionConfigurationPlatforms) = preSolution
		Debug|Any CPU = Debug|Any CPU
		Release|Any CPU = Release|Any CPU
	EndGlobalSection
	GlobalSection(ProjectConfigurationPlatforms) = postSolution
		{4ABAE3C0-F088-4887-AA61-81E39C15A79F}.Debug|Any CPU.ActiveCfg = Debug|Any CPU
		{4ABAE3C0-F088-4887-AA61-81E39C15A79F}.Debug|Any CPU.Build.0 = Debug|Any CPU
		{4ABAE3C0-F088-4887-AA61-81E39C15A79F}.Release|Any CPU.ActiveCfg = Release|Any CPU
		{4ABAE3C0-F088-4887-AA61-81E39C15A79F}.Release|Any CPU.Build.0 = Release|Any CPU
	EndGlobalSection
	GlobalSection(SolutionProperties) = preSolution
		HideSolutionNode = FALSE
	EndGlobalSection
	GlobalSection(ExtensibilityGlobals) = postSolution
		SolutionGuid = {8A3B7AD6-E7AC-4E39-BAA8-6B786AB41805}
	EndGlobalSection
EndGlobal
